
Microsoft Visual Studio Solution File, Format Version 12.00
# Visual Studio Version 16
VisualStudioVersion = 16.0.29001.49
MinimumVisualStudioVersion = 10.0.40219.1
Project("{FAE04EC0-301F-11D3-BF4B-00C04F79EFBC}") = "SimpleScreenLocker", "SimpleScreenLocker\SimpleScreenLocker.csproj", "{290E52EB-4E68-4998-BB6A-57D0CB8D4426}"
EndProject
Global
	GlobalSection(SolutionConfigurationPlatforms) = preSolution
		Debug|Any CPU = Debug|Any CPU
		Release|Any CPU = Release|Any CPU
	EndGlobalSection
	GlobalSection(ProjectConfigurationPlatforms) = postSolution
		{290E52EB-4E68-4998-BB6A-57D0CB8D4426}.Debug|Any CPU.ActiveCfg = Debug|Any CPU
		{290E52EB-4E68-4998-BB6A-57D0CB8D4426}.Debug|Any CPU.Build.0 = Debug|Any CPU
		{290E52EB-4E68-4998-BB6A-57D0CB8D4426}.Debug|Any CPU.Deploy.0 = Debug|Any CPU
		{290E52EB-4E68-4998-BB6A-57D0CB8D4426}.Release|Any CPU.ActiveCfg = Release|Any CPU
		{290E52EB-4E68-4998-BB6A-57D0CB8D4426}.Release|Any CPU.Build.0 = Release|Any CPU
		{290E52EB-4E68-4998-BB6A-57D0CB8D4426}.Release|Any CPU.Deploy.0 = Release|Any CPU
	EndGlobalSection
	GlobalSection(SolutionProperties) = preSolution
		HideSolutionNode = FALSE
	EndGlobalSection
	GlobalSection(ExtensibilityGlobals) = postSolution
		SolutionGuid = {94CA5466-7D34-4ADC-9F09-404FFA085D44}
	EndGlobalSection
EndGlobal
